
Microsoft Visual Studio Solution File, Format Version 12.00
# Visual Studio 2012
Project("{FAE04EC0-301F-11D3-BF4B-00C04F79EFBC}") = "Timee", "Timee\Timee.csproj", "{16482453-BE4A-42F6-8457-49EBC5CBAFD6}"
EndProject
Project("{FAE04EC0-301F-11D3-BF4B-00C04F79EFBC}") = "TestApp", "TestApp\TestApp.csproj", "{1FCD8D32-4230-4D3E-9615-51B4581E52E7}"
EndProject
Global
	GlobalSection(SolutionConfigurationPlatforms) = preSolution
		Debug|Any CPU = Debug|Any CPU
		Release|Any CPU = Release|Any CPU
	EndGlobalSection
	GlobalSection(ProjectConfigurationPlatforms) = postSolution
		{16482453-BE4A-42F6-8457-49EBC5CBAFD6}.Debug|Any CPU.ActiveCfg = Debug|Any CPU
		{16482453-BE4A-42F6-8457-49EBC5CBAFD6}.Debug|Any CPU.Build.0 = Debug|Any CPU
		{16482453-BE4A-42F6-8457-49EBC5CBAFD6}.Release|Any CPU.ActiveCfg = Release|Any CPU
		{16482453-BE4A-42F6-8457-49EBC5CBAFD6}.Release|Any CPU.Build.0 = Release|Any CPU
		{1FCD8D32-4230-4D3E-9615-51B4581E52E7}.Debug|Any CPU.ActiveCfg = Debug|Any CPU
		{1FCD8D32-4230-4D3E-9615-51B4581E52E7}.Debug|Any CPU.Build.0 = Debug|Any CPU
		{1FCD8D32-4230-4D3E-9615-51B4581E52E7}.Release|Any CPU.ActiveCfg = Release|Any CPU
		{1FCD8D32-4230-4D3E-9615-51B4581E52E7}.Release|Any CPU.Build.0 = Release|Any CPU
	EndGlobalSection
	GlobalSection(SolutionProperties) = preSolution
		HideSolutionNode = FALSE
	EndGlobalSection
EndGlobal
